
Microsoft Visual Studio Solution File, Format Version 12.00
# Visual Studio 15
VisualStudioVersion = 15.0.26730.16
MinimumVisualStudioVersion = 10.0.40219.1
Project("{FAE04EC0-301F-11D3-BF4B-00C04F79EFBC}") = "RandomNumber", "RandomNumber\RandomNumber.csproj", "{D291D23F-5844-43E9-BB9E-384A1F5E580E}"
EndProject
Global
	GlobalSection(SolutionConfigurationPlatforms) = preSolution
		Debug|Any CPU = Debug|Any CPU
		Release|Any CPU = Release|Any CPU
	EndGlobalSection
	GlobalSection(ProjectConfigurationPlatforms) = postSolution
		{D291D23F-5844-43E9-BB9E-384A1F5E580E}.Debug|Any CPU.ActiveCfg = Debug|Any CPU
		{D291D23F-5844-43E9-BB9E-384A1F5E580E}.Debug|Any CPU.Build.0 = Debug|Any CPU
		{D291D23F-5844-43E9-BB9E-384A1F5E580E}.Release|Any CPU.ActiveCfg = Release|Any CPU
		{D291D23F-5844-43E9-BB9E-384A1F5E580E}.Release|Any CPU.Build.0 = Release|Any CPU
	EndGlobalSection
	GlobalSection(SolutionProperties) = preSolution
		HideSolutionNode = FALSE
	EndGlobalSection
	GlobalSection(ExtensibilityGlobals) = postSolution
		SolutionGuid = {A5EE0BE4-EC61-49CB-8236-DA4E4BAA22CD}
	EndGlobalSection
EndGlobal
